
Microsoft Visual Studio Solution File, Format Version 12.00
# Visual Studio 2012
Project("{FAE04EC0-301F-11D3-BF4B-00C04F79EFBC}") = "MicroTerminalIDTech", "WindowsFormsApplication1\MicroTerminalIDTech.csproj", "{CBADCB32-FC43-492D-B871-DC2045B42E9B}"
EndProject
Global
	GlobalSection(SolutionConfigurationPlatforms) = preSolution
		Debug|Any CPU = Debug|Any CPU
		Release|Any CPU = Release|Any CPU
	EndGlobalSection
	GlobalSection(ProjectConfigurationPlatforms) = postSolution
		{CBADCB32-FC43-492D-B871-DC2045B42E9B}.Debug|Any CPU.ActiveCfg = Debug|Any CPU
		{CBADCB32-FC43-492D-B871-DC2045B42E9B}.Debug|Any CPU.Build.0 = Debug|Any CPU
		{CBADCB32-FC43-492D-B871-DC2045B42E9B}.Release|Any CPU.ActiveCfg = Release|Any CPU
		{CBADCB32-FC43-492D-B871-DC2045B42E9B}.Release|Any CPU.Build.0 = Release|Any CPU
	EndGlobalSection
	GlobalSection(SolutionProperties) = preSolution
		HideSolutionNode = FALSE
	EndGlobalSection
EndGlobal
